// !$*UTF8*$!
{
	archiveVersion = 1;
	classes = {
	};
	objectVersion = 56;
	objects = {

/* Begin PBXBuildFile section */
		47BFD43F2B7D72560092D56E /* AppProjectApp.swift in Sources */ = {isa = PBXBuildFile; fileRef = 47BFD43E2B7D72560092D56E /* AppProjectApp.swift */; };
		47BFD4412B7D72560092D56E /* ContentView.swift in Sources */ = {isa = PBXBuildFile; fileRef = 47BFD4402B7D72560092D56E /* ContentView.swift */; };
		47BFD4432B7D72580092D56E /* Assets.xcassets in Resources */ = {isa = PBXBuildFile; fileRef = 47BFD4422B7D72580092D56E /* Assets.xcassets */; };
		47BFD4462B7D72580092D56E /* Preview Assets.xcassets in Resources */ = {isa = PBXBuildFile; fileRef = 47BFD4452B7D72580092D56E /* Preview Assets.xcassets */; };
		47BFD4502B7D72580092D56E /* AppProjectTests.swift in Sources */ = {isa = PBXBuildFile; fileRef = 47BFD44F2B7D72580092D56E /* AppProjectTests.swift */; };
		47BFD45A2B7D72580092D56E /* AppProjectUITests.swift in Sources */ = {isa = PBXBuildFile; fileRef = 47BFD4592B7D72580092D56E /* AppProjectUITests.swift */; };
		47BFD45C2B7D72580092D56E /* AppProjectUITestsLaunchTests.swift in Sources */ = {isa = PBXBuildFile; fileRef = 47BFD45B2B7D72580092D56E /* AppProjectUITestsLaunchTests.swift */; };
		47BFD4722B84279F0092D56E /* HomeScene.swift in Sources */ = {isa = PBXBuildFile; fileRef = 47BFD4712B84279F0092D56E /* HomeScene.swift */; };
		47BFD4762B842E2C0092D56E /* OptionsView.swift in Sources */ = {isa = PBXBuildFile; fileRef = 47BFD4752B842E2C0092D56E /* OptionsView.swift */; };
		47BFD47A2B843E540092D56E /* OptionsScene.swift in Sources */ = {isa = PBXBuildFile; fileRef = 47BFD4792B843E540092D56E /* OptionsScene.swift */; };
		47BFD47C2B84403D0092D56E /* CalandarView.swift in Sources */ = {isa = PBXBuildFile; fileRef = 47BFD47B2B84403D0092D56E /* CalandarView.swift */; };
		47BFD47E2B8AC2220092D56E /* AppDelegate.swift in Sources */ = {isa = PBXBuildFile; fileRef = 47BFD47D2B8AC2220092D56E /* AppDelegate.swift */; };
		47BFD4802B8D4E0C0092D56E /* MapView.swift in Sources */ = {isa = PBXBuildFile; fileRef = 47BFD47F2B8D4E0C0092D56E /* MapView.swift */; };
		47BFD4872B96875A0092D56E /* Searchbar.swift in Sources */ = {isa = PBXBuildFile; fileRef = 47BFD4862B96875A0092D56E /* Searchbar.swift */; };
		47D83A352BA884DA0038A862 /* alarmSound.wav in Resources */ = {isa = PBXBuildFile; fileRef = 47D83A342BA884DA0038A862 /* alarmSound.wav */; };
		47D83A3B2BA88A7E0038A862 /* alarm.wav in Resources */ = {isa = PBXBuildFile; fileRef = 47D83A3A2BA88A7E0038A862 /* alarm.wav */; };
		47D83A3D2BACB9540038A862 /* TasksView.swift in Sources */ = {isa = PBXBuildFile; fileRef = 47D83A3C2BACB9540038A862 /* TasksView.swift */; };
/* End PBXBuildFile section */

/* Begin PBXContainerItemProxy section */
		47BFD44C2B7D72580092D56E /* PBXContainerItemProxy */ = {
			isa = PBXContainerItemProxy;
			containerPortal = 47BFD4332B7D72560092D56E /* Project object */;
			proxyType = 1;
			remoteGlobalIDString = 47BFD43A2B7D72560092D56E;
			remoteInfo = AppProject;
		};
		47BFD4562B7D72580092D56E /* PBXContainerItemProxy */ = {
			isa = PBXContainerItemProxy;
			containerPortal = 47BFD4332B7D72560092D56E /* Project object */;
			proxyType = 1;
			remoteGlobalIDString = 47BFD43A2B7D72560092D56E;
			remoteInfo = AppProject;
		};
/* End PBXContainerItemProxy section */

/* Begin PBXFileReference section */
		47BFD43B2B7D72560092D56E /* AppProject.app */ = {isa = PBXFileReference; explicitFileType = wrapper.application; includeInIndex = 0; path = AppProject.app; sourceTree = BUILT_PRODUCTS_DIR; };
		47BFD43E2B7D72560092D56E /* AppProjectApp.swift */ = {isa = PBXFileReference; lastKnownFileType = sourcecode.swift; path = AppProjectApp.swift; sourceTree = "<group>"; };
		47BFD4402B7D72560092D56E /* ContentView.swift */ = {isa = PBXFileReference; lastKnownFileType = sourcecode.swift; path = ContentView.swift; sourceTree = "<group>"; };
		47BFD4422B7D72580092D56E /* Assets.xcassets */ = {isa = PBXFileReference; lastKnownFileType = folder.assetcatalog; path = Assets.xcassets; sourceTree = "<group>"; };
		47BFD4452B7D72580092D56E /* Preview Assets.xcassets */ = {isa = PBXFileReference; lastKnownFileType = folder.assetcatalog; path = "Preview Assets.xcassets"; sourceTree = "<group>"; };
		47BFD44B2B7D72580092D56E /* AppProjectTests.xctest */ = {isa = PBXFileReference; explicitFileType = wrapper.cfbundle; includeInIndex = 0; path = AppProjectTests.xctest; sourceTree = BUILT_PRODUCTS_DIR; };
		47BFD44F2B7D72580092D56E /* AppProjectTests.swift */ = {isa = PBXFileReference; lastKnownFileType = sourcecode.swift; path = AppProjectTests.swift; sourceTree = "<group>"; };
		47BFD4552B7D72580092D56E /* AppProjectUITests.xctest */ = {isa = PBXFileReference; explicitFileType = wrapper.cfbundle; includeInIndex = 0; path = AppProjectUITests.xctest; sourceTree = BUILT_PRODUCTS_DIR; };
		47BFD4592B7D72580092D56E /* AppProjectUITests.swift */ = {isa = PBXFileReference; lastKnownFileType = sourcecode.swift; path = AppProjectUITests.swift; sourceTree = "<group>"; };
		47BFD45B2B7D72580092D56E /* AppProjectUITestsLaunchTests.swift */ = {isa = PBXFileReference; lastKnownFileType = sourcecode.swift; path = AppProjectUITestsLaunchTests.swift; sourceTree = "<group>"; };
		47BFD4712B84279F0092D56E /* HomeScene.swift */ = {isa = PBXFileReference; lastKnownFileType = sourcecode.swift; path = HomeScene.swift; sourceTree = "<group>"; };
		47BFD4752B842E2C0092D56E /* OptionsView.swift */ = {isa = PBXFileReference; lastKnownFileType = sourcecode.swift; path = OptionsView.swift; sourceTree = "<group>"; };
		47BFD4792B843E540092D56E /* OptionsScene.swift */ = {isa = PBXFileReference; lastKnownFileType = sourcecode.swift; path = OptionsScene.swift; sourceTree = "<group>"; };
		47BFD47B2B84403D0092D56E /* CalandarView.swift */ = {isa = PBXFileReference; lastKnownFileType = sourcecode.swift; path = CalandarView.swift; sourceTree = "<group>"; };
		47BFD47D2B8AC2220092D56E /* AppDelegate.swift */ = {isa = PBXFileReference; lastKnownFileType = sourcecode.swift; path = AppDelegate.swift; sourceTree = "<group>"; };
		47BFD47F2B8D4E0C0092D56E /* MapView.swift */ = {isa = PBXFileReference; lastKnownFileType = sourcecode.swift; path = MapView.swift; sourceTree = "<group>"; };
		47BFD4852B9682100092D56E /* README.md */ = {isa = PBXFileReference; lastKnownFileType = net.daringfireball.markdown; path = README.md; sourceTree = "<group>"; };
		47BFD4862B96875A0092D56E /* Searchbar.swift */ = {isa = PBXFileReference; lastKnownFileType = sourcecode.swift; path = Searchbar.swift; sourceTree = "<group>"; };
		47D83A2D2B9928170038A862 /* Info.plist */ = {isa = PBXFileReference; lastKnownFileType = text.plist; path = Info.plist; sourceTree = "<group>"; };
		47D83A322BA7D03A0038A862 /* 233645__zanox__alarm-clock-digital.caf */ = {isa = PBXFileReference; lastKnownFileType = file; name = "233645__zanox__alarm-clock-digital.caf"; path = "../../233645__zanox__alarm-clock-digital.caf"; sourceTree = "<group>"; };
		47D83A342BA884DA0038A862 /* alarmSound.wav */ = {isa = PBXFileReference; lastKnownFileType = audio.wav; name = alarmSound.wav; path = ../../../alarmSound.wav; sourceTree = "<group>"; };
		47D83A3A2BA88A7E0038A862 /* alarm.wav */ = {isa = PBXFileReference; lastKnownFileType = audio.wav; name = alarm.wav; path = ../../../alarm.wav; sourceTree = "<group>"; };
		47D83A3C2BACB9540038A862 /* TasksView.swift */ = {isa = PBXFileReference; lastKnownFileType = sourcecode.swift; path = TasksView.swift; sourceTree = "<group>"; };
/* End PBXFileReference section */

/* Begin PBXFrameworksBuildPhase section */
		47BFD4382B7D72560092D56E /* Frameworks */ = {
			isa = PBXFrameworksBuildPhase;
			buildActionMask = 2147483647;
			files = (
			);
			runOnlyForDeploymentPostprocessing = 0;
		};
		47BFD4482B7D72580092D56E /* Frameworks */ = {
			isa = PBXFrameworksBuildPhase;
			buildActionMask = 2147483647;
			files = (
			);
			runOnlyForDeploymentPostprocessing = 0;
		};
		47BFD4522B7D72580092D56E /* Frameworks */ = {
			isa = PBXFrameworksBuildPhase;
			buildActionMask = 2147483647;
			files = (
			);
			runOnlyForDeploymentPostprocessing = 0;
		};
/* End PBXFrameworksBuildPhase section */

/* Begin PBXGroup section */
		47BFD4322B7D72560092D56E = {
			isa = PBXGroup;
			children = (
				47D83A322BA7D03A0038A862 /* 233645__zanox__alarm-clock-digital.caf */,
				47BFD43D2B7D72560092D56E /* AppProject */,
				47BFD44E2B7D72580092D56E /* AppProjectTests */,
				47BFD4582B7D72580092D56E /* AppProjectUITests */,
				47BFD43C2B7D72560092D56E /* Products */,
			);
			sourceTree = "<group>";
		};
		47BFD43C2B7D72560092D56E /* Products */ = {
			isa = PBXGroup;
			children = (
				47BFD43B2B7D72560092D56E /* AppProject.app */,
				47BFD44B2B7D72580092D56E /* AppProjectTests.xctest */,
				47BFD4552B7D72580092D56E /* AppProjectUITests.xctest */,
			);
			name = Products;
			sourceTree = "<group>";
		};
		47BFD43D2B7D72560092D56E /* AppProject */ = {
			isa = PBXGroup;
			children = (
				47D83A342BA884DA0038A862 /* alarmSound.wav */,
				47D83A3A2BA88A7E0038A862 /* alarm.wav */,
				47D83A2D2B9928170038A862 /* Info.plist */,
				47BFD43E2B7D72560092D56E /* AppProjectApp.swift */,
				47BFD4402B7D72560092D56E /* ContentView.swift */,
				47BFD4712B84279F0092D56E /* HomeScene.swift */,
				47BFD4752B842E2C0092D56E /* OptionsView.swift */,
				47BFD4792B843E540092D56E /* OptionsScene.swift */,
				47BFD47B2B84403D0092D56E /* CalandarView.swift */,
				47BFD47D2B8AC2220092D56E /* AppDelegate.swift */,
				47BFD47F2B8D4E0C0092D56E /* MapView.swift */,
				47BFD4862B96875A0092D56E /* Searchbar.swift */,
				47D83A3C2BACB9540038A862 /* TasksView.swift */,
				47BFD4422B7D72580092D56E /* Assets.xcassets */,
				47BFD4442B7D72580092D56E /* Preview Content */,
				47BFD4852B9682100092D56E /* README.md */,
			);
			path = AppProject;
			sourceTree = "<group>";
		};
		47BFD4442B7D72580092D56E /* Preview Content */ = {
			isa = PBXGroup;
			children = (
				47BFD4452B7D72580092D56E /* Preview Assets.xcassets */,
			);
			path = "Preview Content";
			sourceTree = "<group>";
		};
		47BFD44E2B7D72580092D56E /* AppProjectTests */ = {
			isa = PBXGroup;
			children = (
				47BFD44F2B7D72580092D56E /* AppProjectTests.swift */,
			);
			path = AppProjectTests;
			sourceTree = "<group>";
		};
		47BFD4582B7D72580092D56E /* AppProjectUITests */ = {
			isa = PBXGroup;
			children = (
				47BFD4592B7D72580092D56E /* AppProjectUITests.swift */,
				47BFD45B2B7D72580092D56E /* AppProjectUITestsLaunchTests.swift */,
			);
			path = AppProjectUITests;
			sourceTree = "<group>";
		};
/* End PBXGroup section */

/* Begin PBXNativeTarget section */
		47BFD43A2B7D72560092D56E /* AppProject */ = {
			isa = PBXNativeTarget;
			buildConfigurationList = 47BFD45F2B7D72580092D56E /* Build configuration list for PBXNativeTarget "AppProject" */;
			buildPhases = (
				47BFD4372B7D72560092D56E /* Sources */,
				47BFD4382B7D72560092D56E /* Frameworks */,
				47BFD4392B7D72560092D56E /* Resources */,
			);
			buildRules = (
			);
			dependencies = (
			);
			name = AppProject;
			productName = AppProject;
			productReference = 47BFD43B2B7D72560092D56E /* AppProject.app */;
			productType = "com.apple.product-type.application";
		};
		47BFD44A2B7D72580092D56E /* AppProjectTests */ = {
			isa = PBXNativeTarget;
			buildConfigurationList = 47BFD4622B7D72580092D56E /* Build configuration list for PBXNativeTarget "AppProjectTests" */;
			buildPhases = (
				47BFD4472B7D72580092D56E /* Sources */,
				47BFD4482B7D72580092D56E /* Frameworks */,
				47BFD4492B7D72580092D56E /* Resources */,
			);
			buildRules = (
			);
			dependencies = (
				47BFD44D2B7D72580092D56E /* PBXTargetDependency */,
			);
			name = AppProjectTests;
			productName = AppProjectTests;
			productReference = 47BFD44B2B7D72580092D56E /* AppProjectTests.xctest */;
			productType = "com.apple.product-type.bundle.unit-test";
		};
		47BFD4542B7D72580092D56E /* AppProjectUITests */ = {
			isa = PBXNativeTarget;
			buildConfigurationList = 47BFD4652B7D72580092D56E /* Build configuration list for PBXNativeTarget "AppProjectUITests" */;
			buildPhases = (
				47BFD4512B7D72580092D56E /* Sources */,
				47BFD4522B7D72580092D56E /* Frameworks */,
				47BFD4532B7D72580092D56E /* Resources */,
			);
			buildRules = (
			);
			dependencies = (
				47BFD4572B7D72580092D56E /* PBXTargetDependency */,
			);
			name = AppProjectUITests;
			productName = AppProjectUITests;
			productReference = 47BFD4552B7D72580092D56E /* AppProjectUITests.xctest */;
			productType = "com.apple.product-type.bundle.ui-testing";
		};
/* End PBXNativeTarget section */

/* Begin PBXProject section */
		47BFD4332B7D72560092D56E /* Project object */ = {
			isa = PBXProject;
			attributes = {
				BuildIndependentTargetsInParallel = 1;
				LastSwiftUpdateCheck = 1520;
				LastUpgradeCheck = 1520;
				TargetAttributes = {
					47BFD43A2B7D72560092D56E = {
						CreatedOnToolsVersion = 15.2;
					};
					47BFD44A2B7D72580092D56E = {
						CreatedOnToolsVersion = 15.2;
						TestTargetID = 47BFD43A2B7D72560092D56E;
					};
					47BFD4542B7D72580092D56E = {
						CreatedOnToolsVersion = 15.2;
						TestTargetID = 47BFD43A2B7D72560092D56E;
					};
				};
			};
			buildConfigurationList = 47BFD4362B7D72560092D56E /* Build configuration list for PBXProject "AppProject" */;
			compatibilityVersion = "Xcode 14.0";
			developmentRegion = en;
			hasScannedForEncodings = 0;
			knownRegions = (
				en,
				Base,
			);
			mainGroup = 47BFD4322B7D72560092D56E;
			productRefGroup = 47BFD43C2B7D72560092D56E /* Products */;
			projectDirPath = "";
			projectRoot = "";
			targets = (
				47BFD43A2B7D72560092D56E /* AppProject */,
				47BFD44A2B7D72580092D56E /* AppProjectTests */,
				47BFD4542B7D72580092D56E /* AppProjectUITests */,
			);
		};
/* End PBXProject section */

/* Begin PBXResourcesBuildPhase section */
		47BFD4392B7D72560092D56E /* Resources */ = {
			isa = PBXResourcesBuildPhase;
			buildActionMask = 2147483647;
			files = (
				47BFD4462B7D72580092D56E /* Preview Assets.xcassets in Resources */,
				47D83A352BA884DA0038A862 /* alarmSound.wav in Resources */,
				47D83A3B2BA88A7E0038A862 /* alarm.wav in Resources */,
				47BFD4432B7D72580092D56E /* Assets.xcassets in Resources */,
			);
			runOnlyForDeploymentPostprocessing = 0;
		};
		47BFD4492B7D72580092D56E /* Resources */ = {
			isa = PBXResourcesBuildPhase;
			buildActionMask = 2147483647;
			files = (
			);
			runOnlyForDeploymentPostprocessing = 0;
		};
		47BFD4532B7D72580092D56E /* Resources */ = {
			isa = PBXResourcesBuildPhase;
			buildActionMask = 2147483647;
			files = (
			);
			runOnlyForDeploymentPostprocessing = 0;
		};
/* End PBXResourcesBuildPhase section */

/* Begin PBXSourcesBuildPhase section */
		47BFD4372B7D72560092D56E /* Sources */ = {
			isa = PBXSourcesBuildPhase;
			buildActionMask = 2147483647;
			files = (
				47BFD4722B84279F0092D56E /* HomeScene.swift in Sources */,
				47BFD4802B8D4E0C0092D56E /* MapView.swift in Sources */,
				47BFD4412B7D72560092D56E /* ContentView.swift in Sources */,
				47BFD47C2B84403D0092D56E /* CalandarView.swift in Sources */,
				47BFD43F2B7D72560092D56E /* AppProjectApp.swift in Sources */,
				47BFD4872B96875A0092D56E /* Searchbar.swift in Sources */,
				47BFD47E2B8AC2220092D56E /* AppDelegate.swift in Sources */,
				47BFD47A2B843E540092D56E /* OptionsScene.swift in Sources */,
				47BFD4762B842E2C0092D56E /* OptionsView.swift in Sources */,
				47D83A3D2BACB9540038A862 /* TasksView.swift in Sources */,
			);
			runOnlyForDeploymentPostprocessing = 0;
		};
		47BFD4472B7D72580092D56E /* Sources */ = {
			isa = PBXSourcesBuildPhase;
			buildActionMask = 2147483647;
			files = (
				47BFD4502B7D72580092D56E /* AppProjectTests.swift in Sources */,
			);
			runOnlyForDeploymentPostprocessing = 0;
		};
		47BFD4512B7D72580092D56E /* Sources */ = {
			isa = PBXSourcesBuildPhase;
			buildActionMask = 2147483647;
			files = (
				47BFD45C2B7D72580092D56E /* AppProjectUITestsLaunchTests.swift in Sources */,
				47BFD45A2B7D72580092D56E /* AppProjectUITests.swift in Sources */,
			);
			runOnlyForDeploymentPostprocessing = 0;
		};
/* End PBXSourcesBuildPhase section */

/* Begin PBXTargetDependency section */
		47BFD44D2B7D72580092D56E /* PBXTargetDependency */ = {
			isa = PBXTargetDependency;
			target = 47BFD43A2B7D72560092D56E /* AppProject */;
			targetProxy = 47BFD44C2B7D72580092D56E /* PBXContainerItemProxy */;
		};
		47BFD4572B7D72580092D56E /* PBXTargetDependency */ = {
			isa = PBXTargetDependency;
			target = 47BFD43A2B7D72560092D56E /* AppProject */;
			targetProxy = 47BFD4562B7D72580092D56E /* PBXContainerItemProxy */;
		};
/* End PBXTargetDependency section */

/* Begin XCBuildConfiguration section */
		47BFD45D2B7D72580092D56E /* Debug */ = {
			isa = XCBuildConfiguration;
			buildSettings = {
				ALWAYS_SEARCH_USER_PATHS = NO;
				ASSETCATALOG_COMPILER_GENERATE_SWIFT_ASSET_SYMBOL_EXTENSIONS = YES;
				CLANG_ANALYZER_NONNULL = YES;
				CLANG_ANALYZER_NUMBER_OBJECT_CONVERSION = YES_AGGRESSIVE;
				CLANG_CXX_LANGUAGE_STANDARD = "gnu++20";
				CLANG_ENABLE_MODULES = YES;
				CLANG_ENABLE_OBJC_ARC = YES;
				CLANG_ENABLE_OBJC_WEAK = YES;
				CLANG_WARN_BLOCK_CAPTURE_AUTORELEASING = YES;
				CLANG_WARN_BOOL_CONVERSION = YES;
				CLANG_WARN_COMMA = YES;
				CLANG_WARN_CONSTANT_CONVERSION = YES;
				CLANG_WARN_DEPRECATED_OBJC_IMPLEMENTATIONS = YES;
				CLANG_WARN_DIRECT_OBJC_ISA_USAGE = YES_ERROR;
				CLANG_WARN_DOCUMENTATION_COMMENTS = YES;
				CLANG_WARN_EMPTY_BODY = YES;
				CLANG_WARN_ENUM_CONVERSION = YES;
				CLANG_WARN_INFINITE_RECURSION = YES;
				CLANG_WARN_INT_CONVERSION = YES;
				CLANG_WARN_NON_LITERAL_NULL_CONVERSION = YES;
				CLANG_WARN_OBJC_IMPLICIT_RETAIN_SELF = YES;
				CLANG_WARN_OBJC_LITERAL_CONVERSION = YES;
				CLANG_WARN_OBJC_ROOT_CLASS = YES_ERROR;
				CLANG_WARN_QUOTED_INCLUDE_IN_FRAMEWORK_HEADER = YES;
				CLANG_WARN_RANGE_LOOP_ANALYSIS = YES;
				CLANG_WARN_STRICT_PROTOTYPES = YES;
				CLANG_WARN_SUSPICIOUS_MOVE = YES;
				CLANG_WARN_UNGUARDED_AVAILABILITY = YES_AGGRESSIVE;
				CLANG_WARN_UNREACHABLE_CODE = YES;
				CLANG_WARN__DUPLICATE_METHOD_MATCH = YES;
				COPY_PHASE_STRIP = NO;
				DEBUG_INFORMATION_FORMAT = dwarf;
				ENABLE_STRICT_OBJC_MSGSEND = YES;
				ENABLE_TESTABILITY = YES;
				ENABLE_USER_SCRIPT_SANDBOXING = YES;
				GCC_C_LANGUAGE_STANDARD = gnu17;
				GCC_DYNAMIC_NO_PIC = NO;
				GCC_NO_COMMON_BLOCKS = YES;
				GCC_OPTIMIZATION_LEVEL = 0;
				GCC_PREPROCESSOR_DEFINITIONS = (
					"DEBUG=1",
					"$(inherited)",
				);
				GCC_WARN_64_TO_32_BIT_CONVERSION = YES;
				GCC_WARN_ABOUT_RETURN_TYPE = YES_ERROR;
				GCC_WARN_UNDECLARED_SELECTOR = YES;
				GCC_WARN_UNINITIALIZED_AUTOS = YES_AGGRESSIVE;
				GCC_WARN_UNUSED_FUNCTION = YES;
				GCC_WARN_UNUSED_VARIABLE = YES;
				IPHONEOS_DEPLOYMENT_TARGET = 17.2;
				LOCALIZATION_PREFERS_STRING_CATALOGS = YES;
				MTL_ENABLE_DEBUG_INFO = INCLUDE_SOURCE;
				MTL_FAST_MATH = YES;
				ONLY_ACTIVE_ARCH = YES;
				SDKROOT = iphoneos;
				SWIFT_ACTIVE_COMPILATION_CONDITIONS = "DEBUG $(inherited)";
				SWIFT_OPTIMIZATION_LEVEL = "-Onone";
			};
			name = Debug;
		};
		47BFD45E2B7D72580092D56E /* Release */ = {
			isa = XCBuildConfiguration;
			buildSettings = {
				ALWAYS_SEARCH_USER_PATHS = NO;
				ASSETCATALOG_COMPILER_GENERATE_SWIFT_ASSET_SYMBOL_EXTENSIONS = YES;
				CLANG_ANALYZER_NONNULL = YES;
				CLANG_ANALYZER_NUMBER_OBJECT_CONVERSION = YES_AGGRESSIVE;
				CLANG_CXX_LANGUAGE_STANDARD = "gnu++20";
				CLANG_ENABLE_MODULES = YES;
				CLANG_ENABLE_OBJC_ARC = YES;
				CLANG_ENABLE_OBJC_WEAK = YES;
				CLANG_WARN_BLOCK_CAPTURE_AUTORELEASING = YES;
				CLANG_WARN_BOOL_CONVERSION = YES;
				CLANG_WARN_COMMA = YES;
				CLANG_WARN_CONSTANT_CONVERSION = YES;
				CLANG_WARN_DEPRECATED_OBJC_IMPLEMENTATIONS = YES;
				CLANG_WARN_DIRECT_OBJC_ISA_USAGE = YES_ERROR;
				CLANG_WARN_DOCUMENTATION_COMMENTS = YES;
				CLANG_WARN_EMPTY_BODY = YES;
				CLANG_WARN_ENUM_CONVERSION = YES;
				CLANG_WARN_INFINITE_RECURSION = YES;
				CLANG_WARN_INT_CONVERSION = YES;
				CLANG_WARN_NON_LITERAL_NULL_CONVERSION = YES;
				CLANG_WARN_OBJC_IMPLICIT_RETAIN_SELF = YES;
				CLANG_WARN_OBJC_LITERAL_CONVERSION = YES;
				CLANG_WARN_OBJC_ROOT_CLASS = YES_ERROR;
				CLANG_WARN_QUOTED_INCLUDE_IN_FRAMEWORK_HEADER = YES;
				CLANG_WARN_RANGE_LOOP_ANALYSIS = YES;
				CLANG_WARN_STRICT_PROTOTYPES = YES;
				CLANG_WARN_SUSPICIOUS_MOVE = YES;
				CLANG_WARN_UNGUARDED_AVAILABILITY = YES_AGGRESSIVE;
				CLANG_WARN_UNREACHABLE_CODE = YES;
				CLANG_WARN__DUPLICATE_METHOD_MATCH = YES;
				COPY_PHASE_STRIP = NO;
				DEBUG_INFORMATION_FORMAT = "dwarf-with-dsym";
				ENABLE_NS_ASSERTIONS = NO;
				ENABLE_STRICT_OBJC_MSGSEND = YES;
				ENABLE_USER_SCRIPT_SANDBOXING = YES;
				GCC_C_LANGUAGE_STANDARD = gnu17;
				GCC_NO_COMMON_BLOCKS = YES;
				GCC_WARN_64_TO_32_BIT_CONVERSION = YES;
				GCC_WARN_ABOUT_RETURN_TYPE = YES_ERROR;
				GCC_WARN_UNDECLARED_SELECTOR = YES;
				GCC_WARN_UNINITIALIZED_AUTOS = YES_AGGRESSIVE;
				GCC_WARN_UNUSED_FUNCTION = YES;
				GCC_WARN_UNUSED_VARIABLE = YES;
				IPHONEOS_DEPLOYMENT_TARGET = 17.2;
				LOCALIZATION_PREFERS_STRING_CATALOGS = YES;
				MTL_ENABLE_DEBUG_INFO = NO;
				MTL_FAST_MATH = YES;
				SDKROOT = iphoneos;
				SWIFT_COMPILATION_MODE = wholemodule;
				VALIDATE_PRODUCT = YES;
			};
			name = Release;
		};
		47BFD4602B7D72580092D56E /* Debug */ = {
			isa = XCBuildConfiguration;
			buildSettings = {
				ASSETCATALOG_COMPILER_APPICON_NAME = AppIcon;
				ASSETCATALOG_COMPILER_GLOBAL_ACCENT_COLOR_NAME = AccentColor;
				CODE_SIGN_STYLE = Automatic;
				CURRENT_PROJECT_VERSION = 1;
				DEVELOPMENT_ASSET_PATHS = "\"AppProject/Preview Content\"";
				DEVELOPMENT_TEAM = A6LH6T8YU2;
				ENABLE_PREVIEWS = YES;
				GENERATE_INFOPLIST_FILE = YES;
				INFOPLIST_FILE = AppProject/Info.plist;
				INFOPLIST_KEY_UIApplicationSceneManifest_Generation = YES;
				INFOPLIST_KEY_UIApplicationSupportsIndirectInputEvents = YES;
				INFOPLIST_KEY_UILaunchScreen_Generation = YES;
				INFOPLIST_KEY_UISupportedInterfaceOrientations_iPad = "UIInterfaceOrientationPortrait UIInterfaceOrientationPortraitUpsideDown UIInterfaceOrientationLandscapeLeft UIInterfaceOrientationLandscapeRight";
				INFOPLIST_KEY_UISupportedInterfaceOrientations_iPhone = "UIInterfaceOrientationPortrait UIInterfaceOrientationLandscapeLeft UIInterfaceOrientationLandscapeRight";
				LD_RUNPATH_SEARCH_PATHS = (
					"$(inherited)",
					"@executable_path/Frameworks",
				);
				MARKETING_VERSION = 1.0;
				PRODUCT_BUNDLE_IDENTIFIER = testing.AppProject;
				PRODUCT_NAME = "$(TARGET_NAME)";
				SWIFT_EMIT_LOC_STRINGS = YES;
				SWIFT_VERSION = 5.0;
				TARGETED_DEVICE_FAMILY = "1,2";
			};
			name = Debug;
		};
		47BFD4612B7D72580092D56E /* Release */ = {
			isa = XCBuildConfiguration;
			buildSettings = {
				ASSETCATALOG_COMPILER_APPICON_NAME = AppIcon;
				ASSETCATALOG_COMPILER_GLOBAL_ACCENT_COLOR_NAME = AccentColor;
				CODE_SIGN_STYLE = Automatic;
				CURRENT_PROJECT_VERSION = 1;
				DEVELOPMENT_ASSET_PATHS = "\"AppProject/Preview Content\"";
				DEVELOPMENT_TEAM = A6LH6T8YU2;
				ENABLE_PREVIEWS = YES;
				GENERATE_INFOPLIST_FILE = YES;
				INFOPLIST_FILE = AppProject/Info.plist;
				INFOPLIST_KEY_UIApplicationSceneManifest_Generation = YES;
				INFOPLIST_KEY_UIApplicationSupportsIndirectInputEvents = YES;
				INFOPLIST_KEY_UILaunchScreen_Generation = YES;
				INFOPLIST_KEY_UISupportedInterfaceOrientations_iPad = "UIInterfaceOrientationPortrait UIInterfaceOrientationPortraitUpsideDown UIInterfaceOrientationLandscapeLeft UIInterfaceOrientationLandscapeRight";
				INFOPLIST_KEY_UISupportedInterfaceOrientations_iPhone = "UIInterfaceOrientationPortrait UIInterfaceOrientationLandscapeLeft UIInterfaceOrientationLandscapeRight";
				LD_RUNPATH_SEARCH_PATHS = (
					"$(inherited)",
					"@executable_path/Frameworks",
				);
				MARKETING_VERSION = 1.0;
				PRODUCT_BUNDLE_IDENTIFIER = testing.AppProject;
				PRODUCT_NAME = "$(TARGET_NAME)";
				SWIFT_EMIT_LOC_STRINGS = YES;
				SWIFT_VERSION = 5.0;
				TARGETED_DEVICE_FAMILY = "1,2";
			};
			name = Release;
		};
		47BFD4632B7D72580092D56E /* Debug */ = {
			isa = XCBuildConfiguration;
			buildSettings = {
				ALWAYS_EMBED_SWIFT_STANDARD_LIBRARIES = YES;
				BUNDLE_LOADER = "$(TEST_HOST)";
				CODE_SIGN_STYLE = Automatic;
				CURRENT_PROJECT_VERSION = 1;
				DEVELOPMENT_TEAM = A6LH6T8YU2;
				GENERATE_INFOPLIST_FILE = YES;
				IPHONEOS_DEPLOYMENT_TARGET = 17.2;
				MARKETING_VERSION = 1.0;
				PRODUCT_BUNDLE_IDENTIFIER = testing.AppProjectTests;
				PRODUCT_NAME = "$(TARGET_NAME)";
				SWIFT_EMIT_LOC_STRINGS = NO;
				SWIFT_VERSION = 5.0;
				TARGETED_DEVICE_FAMILY = "1,2";
				TEST_HOST = "$(BUILT_PRODUCTS_DIR)/AppProject.app/$(BUNDLE_EXECUTABLE_FOLDER_PATH)/AppProject";
			};
			name = Debug;
		};
		47BFD4642B7D72580092D56E /* Release */ = {
			isa = XCBuildConfiguration;
			buildSettings = {
				ALWAYS_EMBED_SWIFT_STANDARD_LIBRARIES = YES;
				BUNDLE_LOADER = "$(TEST_HOST)";
				CODE_SIGN_STYLE = Automatic;
				CURRENT_PROJECT_VERSION = 1;
				DEVELOPMENT_TEAM = A6LH6T8YU2;
				GENERATE_INFOPLIST_FILE = YES;
				IPHONEOS_DEPLOYMENT_TARGET = 17.2;
				MARKETING_VERSION = 1.0;
				PRODUCT_BUNDLE_IDENTIFIER = testing.AppProjectTests;
				PRODUCT_NAME = "$(TARGET_NAME)";
				SWIFT_EMIT_LOC_STRINGS = NO;
				SWIFT_VERSION = 5.0;
				TARGETED_DEVICE_FAMILY = "1,2";
				TEST_HOST = "$(BUILT_PRODUCTS_DIR)/AppProject.app/$(BUNDLE_EXECUTABLE_FOLDER_PATH)/AppProject";
			};
			name = Release;
		};
		47BFD4662B7D72580092D56E /* Debug */ = {
			isa = XCBuildConfiguration;
			buildSettings = {
				ALWAYS_EMBED_SWIFT_STANDARD_LIBRARIES = YES;
				CODE_SIGN_STYLE = Automatic;
				CURRENT_PROJECT_VERSION = 1;
				DEVELOPMENT_TEAM = A6LH6T8YU2;
				GENERATE_INFOPLIST_FILE = YES;
				MARKETING_VERSION = 1.0;
				PRODUCT_BUNDLE_IDENTIFIER = testing.AppProjectUITests;
				PRODUCT_NAME = "$(TARGET_NAME)";
				SWIFT_EMIT_LOC_STRINGS = NO;
				SWIFT_VERSION = 5.0;
				TARGETED_DEVICE_FAMILY = "1,2";
				TEST_TARGET_NAME = AppProject;
			};
			name = Debug;
		};
		47BFD4672B7D72580092D56E /* Release */ = {
			isa = XCBuildConfiguration;
			buildSettings = {
				ALWAYS_EMBED_SWIFT_STANDARD_LIBRARIES = YES;
				CODE_SIGN_STYLE = Automatic;
				CURRENT_PROJECT_VERSION = 1;
				DEVELOPMENT_TEAM = A6LH6T8YU2;
				GENERATE_INFOPLIST_FILE = YES;
				MARKETING_VERSION = 1.0;
				PRODUCT_BUNDLE_IDENTIFIER = testing.AppProjectUITests;
				PRODUCT_NAME = "$(TARGET_NAME)";
				SWIFT_EMIT_LOC_STRINGS = NO;
				SWIFT_VERSION = 5.0;
				TARGETED_DEVICE_FAMILY = "1,2";
				TEST_TARGET_NAME = AppProject;
			};
			name = Release;
		};
/* End XCBuildConfiguration section */

/* Begin XCConfigurationList section */
		47BFD4362B7D72560092D56E /* Build configuration list for PBXProject "AppProject" */ = {
			isa = XCConfigurationList;
			buildConfigurations = (
				47BFD45D2B7D72580092D56E /* Debug */,
				47BFD45E2B7D72580092D56E /* Release */,
			);
			defaultConfigurationIsVisible = 0;
			defaultConfigurationName = Release;
		};
		47BFD45F2B7D72580092D56E /* Build configuration list for PBXNativeTarget "AppProject" */ = {
			isa = XCConfigurationList;
			buildConfigurations = (
				47BFD4602B7D72580092D56E /* Debug */,
				47BFD4612B7D72580092D56E /* Release */,
			);
			defaultConfigurationIsVisible = 0;
			defaultConfigurationName = Release;
		};
		47BFD4622B7D72580092D56E /* Build configuration list for PBXNativeTarget "AppProjectTests" */ = {
			isa = XCConfigurationList;
			buildConfigurations = (
				47BFD4632B7D72580092D56E /* Debug */,
				47BFD4642B7D72580092D56E /* Release */,
			);
			defaultConfigurationIsVisible = 0;
			defaultConfigurationName = Release;
		};
		47BFD4652B7D72580092D56E /* Build configuration list for PBXNativeTarget "AppProjectUITests" */ = {
			isa = XCConfigurationList;
			buildConfigurations = (
				47BFD4662B7D72580092D56E /* Debug */,
				47BFD4672B7D72580092D56E /* Release */,
			);
			defaultConfigurationIsVisible = 0;
			defaultConfigurationName = Release;
		};
/* End XCConfigurationList section */
	};
	rootObject = 47BFD4332B7D72560092D56E /* Project object */;
}
